# This file is autogenerated, do not edit; changes may be undone by the next 'dep ensure'.


[[projects]]
  name = "github.com/boltdb/bolt"
  packages = ["."]
  revision = "2f1ce7a837dcb8da3ec595b1dac9d0632f0f99e8"
  version = "v1.3.1"

[[projects]]
  branch = "master"
  name = "github.com/jbowens/assets"
  packages = ["."]
  revision = "d0ad4f73bd2f1471f8c4ca2190c636f9a5d8c8f5"

[[projects]]
  branch = "master"
  name = "github.com/jbowens/dictionary"
  packages = ["."]
  revision = "229cf68df1a675e7a2462c4028d7df4abfd98854"

[[projects]]
  branch = "master"
  name = "github.com/jbowens/events"
  packages = ["."]
  revision = "34ddbf94909e2b8692be3e184471b34511a649fe"

[[projects]]
  branch = "master"
  name = "golang.org/x/sys"
  packages = ["unix"]
  revision = "3c6ecd8f22c6f40fbeec94c000a069d7d87c7624"

[solve-meta]
  analyzer-name = "dep"
  analyzer-version = 1
  inputs-digest = "f1474e03cc08714b05af7915e1ec64d2a125e13325d14c1d1e5402c2ee82e2a1"
  solver-name = "gps-cdcl"
  solver-version = 1
